hash: 06223c614b5334e21b20ac6b0df113702818c3b17c59d3db1980240e09dc90d6
updated: 2018-02-28T15:21:08.004679799Z
imports:
- name: github.com/boltdb/bolt
  version: 9da31745363232bc1e27dbab3569e77383a51585
- name: github.com/gin-contrib/sse
  version: 22d885f9ecc78bf4ee5d72b937e4bbcdc58e8cae
- name: github.com/gin-gonic/gin
  version: d459835d2b077e44f7c9b453505ee29881d5d12d
  subpackages:
  - binding
  - render
- name: github.com/go-redis/redis
  version: 55c9929dbaa1362cf9af13fab0f46bf8fde8fe84
  subpackages:
  - internal
  - internal/consistenthash
  - internal/hashtag
  - internal/pool
  - internal/proto
  - internal/singleflight
  - internal/util
- name: github.com/golang/protobuf
  version: bbd03ef6da3a115852eaf24c8a1c46aeb39aa175
  subpackages:
  - proto
- name: github.com/mattn/go-isatty
  version: 6ca4dbf54d38eea1a992b3c722a76a5d1c4cb25c
- name: github.com/sirupsen/logrus
  version: d682213848ed68c0a260ca37d6dd5ace8423f5ba
- name: github.com/ugorji/go
  version: 16f09ef744fd4227190f626f14cfdefb14362b3b
  subpackages:
  - codec
- name: golang.org/x/crypto
  version: 8c653846df49742c4c85ec37e5d9f8d3ba657895
  subpackages:
  - ssh/terminal
- name: golang.org/x/net
  version: cbe0f9307d0156177f9dd5dc85da1a31abc5f2fb
  subpackages:
  - dns/dnsmessage
- name: golang.org/x/sys
  version: f6cff0780e542efa0c8e864dc8fa522808f6a598
  subpackages:
  - unix
  - windows
- name: gopkg.in/go-playground/validator.v8
  version: 5f1438d3fca68893a817e4a66806cea46a9e4ebf
- name: gopkg.in/yaml.v2
  version: 7f97868eec74b32b0982dd158a51a446d1da7eb5
testImports: []